
Microsoft Visual Studio Solution File, Format Version 12.00
# Visual Studio Version 16
VisualStudioVersion = 16.0.30804.86
MinimumVisualStudioVersion = 10.0.40219.1
Project("{9A19103F-16F7-4668-BE54-9A1E7A4F7556}") = "DeferredRendererDemo.DesktopGL", "DeferredRendererDemo.DesktopGL\DeferredRendererDemo.DesktopGL.csproj", "{B32E9C7B-2B28-4158-B803-72BEFE1D0268}"
EndProject
Project("{9A19103F-16F7-4668-BE54-9A1E7A4F7556}") = "DeferredRendererDemo.WindowsDX", "DeferredRendererDemo.WindowsDX\DeferredRendererDemo.WindowsDX.csproj", "{F9F2D75D-1BAB-43ED-B13D-5C871A7C2444}"
EndProject
Project("{D954291E-2A0B-460D-934E-DC6B0785DB48}") = "DeferredRendererDemo.Content", "DeferredRendererDemo.Content\DeferredRendererDemo.Content.shproj", "{A0CDBD0E-3A41-42B7-9425-A838BC2C7383}"
EndProject
Project("{2150E333-8FDC-42A3-9474-1A3956D46DE8}") = "MonoGame", "MonoGame", "{7415E271-51B0-43EA-B41F-4684565B87C8}"
EndProject
Project("{9A19103F-16F7-4668-BE54-9A1E7A4F7556}") = "MonoGame.Framework.WindowsDX", "MonoGame\MonoGame.Framework\MonoGame.Framework.WindowsDX.csproj", "{C23769DE-38DE-4A7A-8EF2-9003ABF93813}"
EndProject
Project("{9A19103F-16F7-4668-BE54-9A1E7A4F7556}") = "MonoGame.Framework.DesktopGL", "MonoGame\MonoGame.Framework\MonoGame.Framework.DesktopGL.csproj", "{F921BD15-C0A3-45D7-98D8-31AC13688976}"
EndProject
Project("{9A19103F-16F7-4668-BE54-9A1E7A4F7556}") = "MonoGame.Framework.Content.Pipeline", "MonoGame\MonoGame.Framework.Content.Pipeline\MonoGame.Framework.Content.Pipeline.csproj", "{7E744DAA-7D4E-4233-A7A9-EE7F1907C6C9}"
EndProject
Project("{9A19103F-16F7-4668-BE54-9A1E7A4F7556}") = "MonoGame.Content.Builder", "MonoGame\Tools\MonoGame.Content.Builder\MonoGame.Content.Builder.csproj", "{E7E6970E-F77C-4142-8094-A22FC67654B8}"
EndProject
Project("{9A19103F-16F7-4668-BE54-9A1E7A4F7556}") = "MonoGame.Effect.Compiler", "MonoGame\Tools\MonoGame.Effect.Compiler\MonoGame.Effect.Compiler.csproj", "{86C29316-AB99-4E2E-B41C-1A1509E80AF6}"
EndProject
Project("{D954291E-2A0B-460D-934E-DC6B0785DB48}") = "DeferredRendererDemo.Shared", "DeferredRendererDemo.Shared\DeferredRendererDemo.Shared.shproj", "{83A16D50-7649-4086-B048-F603814F0B83}"
EndProject
Project("{2150E333-8FDC-42A3-9474-1A3956D46DE8}") = "Solution Items", "Solution Items", "{B350B85D-9DED-430B-BC1B-A4EEECC8143E}"
	ProjectSection(SolutionItems) = preProject
		LICENSE.txt = LICENSE.txt
		README.md = README.md
	EndProjectSection
EndProject
Global
	GlobalSection(SharedMSBuildProjectFiles) = preSolution
		DeferredRendererDemo.Shared\DeferredRendererDemo.Shared.projitems*{83a16d50-7649-4086-b048-f603814f0b83}*SharedItemsImports = 13
		DeferredRendererDemo.Content\DeferredRendererDemo.Content.projitems*{a0cdbd0e-3a41-42b7-9425-a838bc2c7383}*SharedItemsImports = 13
		DeferredRendererDemo.Content\DeferredRendererDemo.Content.projitems*{b32e9c7b-2b28-4158-b803-72befe1d0268}*SharedItemsImports = 5
		DeferredRendererDemo.Shared\DeferredRendererDemo.Shared.projitems*{b32e9c7b-2b28-4158-b803-72befe1d0268}*SharedItemsImports = 5
		DeferredRendererDemo.Content\DeferredRendererDemo.Content.projitems*{f9f2d75d-1bab-43ed-b13d-5c871a7c2444}*SharedItemsImports = 5
		DeferredRendererDemo.Shared\DeferredRendererDemo.Shared.projitems*{f9f2d75d-1bab-43ed-b13d-5c871a7c2444}*SharedItemsImports = 5
	EndGlobalSection
	GlobalSection(SolutionConfigurationPlatforms) = preSolution
		Debug|Any CPU = Debug|Any CPU
		Release|Any CPU = Release|Any CPU
	EndGlobalSection
	GlobalSection(ProjectConfigurationPlatforms) = postSolution
		{B32E9C7B-2B28-4158-B803-72BEFE1D0268}.Debug|Any CPU.ActiveCfg = Debug|Any CPU
		{B32E9C7B-2B28-4158-B803-72BEFE1D0268}.Debug|Any CPU.Build.0 = Debug|Any CPU
		{B32E9C7B-2B28-4158-B803-72BEFE1D0268}.Release|Any CPU.ActiveCfg = Release|Any CPU
		{B32E9C7B-2B28-4158-B803-72BEFE1D0268}.Release|Any CPU.Build.0 = Release|Any CPU
		{F9F2D75D-1BAB-43ED-B13D-5C871A7C2444}.Debug|Any CPU.ActiveCfg = Debug|Any CPU
		{F9F2D75D-1BAB-43ED-B13D-5C871A7C2444}.Debug|Any CPU.Build.0 = Debug|Any CPU
		{F9F2D75D-1BAB-43ED-B13D-5C871A7C2444}.Release|Any CPU.ActiveCfg = Release|Any CPU
		{F9F2D75D-1BAB-43ED-B13D-5C871A7C2444}.Release|Any CPU.Build.0 = Release|Any CPU
		{C23769DE-38DE-4A7A-8EF2-9003ABF93813}.Debug|Any CPU.ActiveCfg = Debug|Any CPU
		{C23769DE-38DE-4A7A-8EF2-9003ABF93813}.Debug|Any CPU.Build.0 = Debug|Any CPU
		{C23769DE-38DE-4A7A-8EF2-9003ABF93813}.Release|Any CPU.ActiveCfg = Release|Any CPU
		{C23769DE-38DE-4A7A-8EF2-9003ABF93813}.Release|Any CPU.Build.0 = Release|Any CPU
		{F921BD15-C0A3-45D7-98D8-31AC13688976}.Debug|Any CPU.ActiveCfg = Debug|Any CPU
		{F921BD15-C0A3-45D7-98D8-31AC13688976}.Debug|Any CPU.Build.0 = Debug|Any CPU
		{F921BD15-C0A3-45D7-98D8-31AC13688976}.Release|Any CPU.ActiveCfg = Release|Any CPU
		{F921BD15-C0A3-45D7-98D8-31AC13688976}.Release|Any CPU.Build.0 = Release|Any CPU
		{7E744DAA-7D4E-4233-A7A9-EE7F1907C6C9}.Debug|Any CPU.ActiveCfg = Debug|Any CPU
		{7E744DAA-7D4E-4233-A7A9-EE7F1907C6C9}.Debug|Any CPU.Build.0 = Debug|Any CPU
		{7E744DAA-7D4E-4233-A7A9-EE7F1907C6C9}.Release|Any CPU.ActiveCfg = Release|Any CPU
		{7E744DAA-7D4E-4233-A7A9-EE7F1907C6C9}.Release|Any CPU.Build.0 = Release|Any CPU
		{E7E6970E-F77C-4142-8094-A22FC67654B8}.Debug|Any CPU.ActiveCfg = Debug|Any CPU
		{E7E6970E-F77C-4142-8094-A22FC67654B8}.Debug|Any CPU.Build.0 = Debug|Any CPU
		{E7E6970E-F77C-4142-8094-A22FC67654B8}.Release|Any CPU.ActiveCfg = Release|Any CPU
		{E7E6970E-F77C-4142-8094-A22FC67654B8}.Release|Any CPU.Build.0 = Release|Any CPU
		{86C29316-AB99-4E2E-B41C-1A1509E80AF6}.Debug|Any CPU.ActiveCfg = Debug|Any CPU
		{86C29316-AB99-4E2E-B41C-1A1509E80AF6}.Debug|Any CPU.Build.0 = Debug|Any CPU
		{86C29316-AB99-4E2E-B41C-1A1509E80AF6}.Release|Any CPU.ActiveCfg = Release|Any CPU
		{86C29316-AB99-4E2E-B41C-1A1509E80AF6}.Release|Any CPU.Build.0 = Release|Any CPU
	EndGlobalSection
	GlobalSection(SolutionProperties) = preSolution
		HideSolutionNode = FALSE
	EndGlobalSection
	GlobalSection(NestedProjects) = preSolution
		{C23769DE-38DE-4A7A-8EF2-9003ABF93813} = {7415E271-51B0-43EA-B41F-4684565B87C8}
		{F921BD15-C0A3-45D7-98D8-31AC13688976} = {7415E271-51B0-43EA-B41F-4684565B87C8}
		{7E744DAA-7D4E-4233-A7A9-EE7F1907C6C9} = {7415E271-51B0-43EA-B41F-4684565B87C8}
		{E7E6970E-F77C-4142-8094-A22FC67654B8} = {7415E271-51B0-43EA-B41F-4684565B87C8}
		{86C29316-AB99-4E2E-B41C-1A1509E80AF6} = {7415E271-51B0-43EA-B41F-4684565B87C8}
	EndGlobalSection
	GlobalSection(ExtensibilityGlobals) = postSolution
		SolutionGuid = {97276AC5-99F7-43AD-BCF5-953923810C9C}
	EndGlobalSection
EndGlobal
